{
  "name": "@aws-blocks/grafana-cluster",
  "version": "1.0.1",
  "lockfileVersion": 1,
  "requires": true,
  "dependencies": {
    "@aws-blocks/aurora-cluster": {
      "version": "1.0.1",
      "resolved": "https://registry.npmjs.org/@aws-blocks/aurora-cluster/-/aurora-cluster-1.0.1.tgz",
      "integrity": "sha512-rUOEwfyXJh5Crgs1vuPCb44IGFo56q17/d0uX6AlnkLdyxbdY6JzbfhJCnAHGepwkESwYIMrpsvYpO3XOaZC1A=="
    },
    "@aws-blocks/elasticache-cluster": {
      "version": "1.0.1",
      "resolved": "https://registry.npmjs.org/@aws-blocks/elasticache-cluster/-/elasticache-cluster-1.0.1.tgz",
      "integrity": "sha512-+bkW/2ptm1VenPeAOyMRqhXZKJs8hr1xPTObJA3byDTrsls1UQXQxT9xauxJc5XEzG3t5YXHM5xBMXXf+v0JvA=="
    }
  }
}
